
Microsoft Visual Studio Solution File, Format Version 12.00
# Visual Studio Version 17
VisualStudioVersion = 17.0.31912.275
MinimumVisualStudioVersion = 10.0.40219.1
Project("{9A19103F-16F7-4668-BE54-9A1E7A4F7556}") = "OutboxSample", "OutboxSample\OutboxSample.csproj", "{229AB41C-6576-456C-ACDF-8013F43DA58E}"
EndProject
Project("{FAE04EC0-301F-11D3-BF4B-00C04F79EFBC}") = "KafkaEventListener", "KafkaEventListener\KafkaEventListener.csproj", "{752905A6-D77F-415E-A02A-DAFB9565AE1A}"
EndProject
Project("{FAE04EC0-301F-11D3-BF4B-00C04F79EFBC}") = "DaprListener", "DaprListener\DaprListener.csproj", "{8A48B4A8-DE28-475F-ABB1-28C9DAB0F553}"
EndProject
Global
	GlobalSection(SolutionConfigurationPlatforms) = preSolution
		Debug|Any CPU = Debug|Any CPU
		Release|Any CPU = Release|Any CPU
	EndGlobalSection
	GlobalSection(ProjectConfigurationPlatforms) = postSolution
		{229AB41C-6576-456C-ACDF-8013F43DA58E}.Debug|Any CPU.ActiveCfg = Debug|Any CPU
		{229AB41C-6576-456C-ACDF-8013F43DA58E}.Debug|Any CPU.Build.0 = Debug|Any CPU
		{229AB41C-6576-456C-ACDF-8013F43DA58E}.Release|Any CPU.ActiveCfg = Release|Any CPU
		{229AB41C-6576-456C-ACDF-8013F43DA58E}.Release|Any CPU.Build.0 = Release|Any CPU
		{752905A6-D77F-415E-A02A-DAFB9565AE1A}.Debug|Any CPU.ActiveCfg = Debug|Any CPU
		{752905A6-D77F-415E-A02A-DAFB9565AE1A}.Debug|Any CPU.Build.0 = Debug|Any CPU
		{752905A6-D77F-415E-A02A-DAFB9565AE1A}.Release|Any CPU.ActiveCfg = Release|Any CPU
		{752905A6-D77F-415E-A02A-DAFB9565AE1A}.Release|Any CPU.Build.0 = Release|Any CPU
		{8A48B4A8-DE28-475F-ABB1-28C9DAB0F553}.Debug|Any CPU.ActiveCfg = Debug|Any CPU
		{8A48B4A8-DE28-475F-ABB1-28C9DAB0F553}.Debug|Any CPU.Build.0 = Debug|Any CPU
		{8A48B4A8-DE28-475F-ABB1-28C9DAB0F553}.Release|Any CPU.ActiveCfg = Release|Any CPU
		{8A48B4A8-DE28-475F-ABB1-28C9DAB0F553}.Release|Any CPU.Build.0 = Release|Any CPU
	EndGlobalSection
	GlobalSection(SolutionProperties) = preSolution
		HideSolutionNode = FALSE
	EndGlobalSection
	GlobalSection(ExtensibilityGlobals) = postSolution
		SolutionGuid = {C8BF423F-BDEA-4C58-A324-07C5B3114358}
	EndGlobalSection
EndGlobal
